{
  "name": "example",
  "version": "1.0.0",
  "lockfileVersion": 3,
  "requires": true,
  "packages": {
    "": {
      "name": "example",
      "version": "1.0.0",
      "license": "ISC",
      "workspaces": [
        "./packages/*"
      ],
      "dependencies": {
        "@example/module-a": "1.0.0",
        "@example/module-b": "1.0.0"
      }
    },
    "node_modules/@example/module-a": {
      "resolved": "packages/module-a",
      "link": true
    },
    "node_modules/@example/module-b": {
      "resolved": "packages/module-b",
      "link": true
    },
    "packages/module-a": {
      "name": "@example/module-a",
      "version": "1.0.0",
      "license": "ISC"
    },
    "packages/module-b": {
      "name": "@example/module-b",
      "version": "1.0.0",
      "license": "ISC"
    }
  }
}
